
Microsoft Visual Studio Solution File, Format Version 12.00
# Visual Studio Version 17
VisualStudioVersion = 17.9.34622.214
MinimumVisualStudioVersion = 10.0.40219.1
Project("{FAE04EC0-301F-11D3-BF4B-00C04F79EFBC}") = "ServerConnectInfo", "ServerConnectInfo\ServerConnectInfo.csproj", "{E3B4C092-C1E9-4FB0-878E-8974BE5F768B}"
EndProject
Global
	GlobalSection(SolutionConfigurationPlatforms) = preSolution
		Debug|Any CPU = Debug|Any CPU
		Release|Any CPU = Release|Any CPU
	EndGlobalSection
	GlobalSection(ProjectConfigurationPlatforms) = postSolution
		{E3B4C092-C1E9-4FB0-878E-8974BE5F768B}.Debug|Any CPU.ActiveCfg = Debug|Any CPU
		{E3B4C092-C1E9-4FB0-878E-8974BE5F768B}.Debug|Any CPU.Build.0 = Debug|Any CPU
		{E3B4C092-C1E9-4FB0-878E-8974BE5F768B}.Release|Any CPU.ActiveCfg = Release|Any CPU
		{E3B4C092-C1E9-4FB0-878E-8974BE5F768B}.Release|Any CPU.Build.0 = Release|Any CPU
	EndGlobalSection
	GlobalSection(SolutionProperties) = preSolution
		HideSolutionNode = FALSE
	EndGlobalSection
	GlobalSection(ExtensibilityGlobals) = postSolution
		SolutionGuid = {7346D70A-DFFA-4C8B-8902-3D4BC505225E}
	EndGlobalSection
EndGlobal
